
Microsoft Visual Studio Solution File, Format Version 12.00
# Visual Studio Version 17
VisualStudioVersion = 17.11.34929.205
MinimumVisualStudioVersion = 10.0.40219.1
Project("{FAE04EC0-301F-11D3-BF4B-00C04F79EFBC}") = "SpawnDev.BlazorJS.PeerJS", "SpawnDev.BlazorJS.PeerJS\SpawnDev.BlazorJS.PeerJS.csproj", "{0CB15D4D-1907-41CA-AE64-E641B2625B63}"
EndProject
Project("{FAE04EC0-301F-11D3-BF4B-00C04F79EFBC}") = "SpawnDev.BlazorJS.PeerJS.Demo", "SpawnDev.BlazorJS.PeerJS.Demo\SpawnDev.BlazorJS.PeerJS.Demo.csproj", "{87422002-F886-44A1-B586-FB3B10170C8E}"
EndProject
Global
	GlobalSection(SolutionConfigurationPlatforms) = preSolution
		Debug|Any CPU = Debug|Any CPU
		Release|Any CPU = Release|Any CPU
	EndGlobalSection
	GlobalSection(ProjectConfigurationPlatforms) = postSolution
		{0CB15D4D-1907-41CA-AE64-E641B2625B63}.Debug|Any CPU.ActiveCfg = Debug|Any CPU
		{0CB15D4D-1907-41CA-AE64-E641B2625B63}.Debug|Any CPU.Build.0 = Debug|Any CPU
		{0CB15D4D-1907-41CA-AE64-E641B2625B63}.Release|Any CPU.ActiveCfg = Release|Any CPU
		{0CB15D4D-1907-41CA-AE64-E641B2625B63}.Release|Any CPU.Build.0 = Release|Any CPU
		{87422002-F886-44A1-B586-FB3B10170C8E}.Debug|Any CPU.ActiveCfg = Debug|Any CPU
		{87422002-F886-44A1-B586-FB3B10170C8E}.Debug|Any CPU.Build.0 = Debug|Any CPU
		{87422002-F886-44A1-B586-FB3B10170C8E}.Release|Any CPU.ActiveCfg = Release|Any CPU
		{87422002-F886-44A1-B586-FB3B10170C8E}.Release|Any CPU.Build.0 = Release|Any CPU
	EndGlobalSection
	GlobalSection(SolutionProperties) = preSolution
		HideSolutionNode = FALSE
	EndGlobalSection
	GlobalSection(ExtensibilityGlobals) = postSolution
		SolutionGuid = {3D75FBB1-8A2C-400F-AC9B-D2886B593076}
	EndGlobalSection
EndGlobal
